
Microsoft Visual Studio Solution File, Format Version 12.00
# Visual Studio Version 17
VisualStudioVersion = 17.14.36603.0 d17.14
MinimumVisualStudioVersion = 10.0.40219.1
Project("{FAE04EC0-301F-11D3-BF4B-00C04F79EFBC}") = "blackjackSolution", "blackjackSolution.csproj", "{6158BBAD-E200-4190-9B26-2CF03AF74D93}"
EndProject
Project("{FAE04EC0-301F-11D3-BF4B-00C04F79EFBC}") = "blackjackLibrary", "..\blackjackLibrary\blackjackLibrary.csproj", "{50F3C808-CA80-4206-83DD-D0EF4FD556ED}"
EndProject
Global
	GlobalSection(SolutionConfigurationPlatforms) = preSolution
		Debug|Any CPU = Debug|Any CPU
		Release|Any CPU = Release|Any CPU
	EndGlobalSection
	GlobalSection(ProjectConfigurationPlatforms) = postSolution
		{6158BBAD-E200-4190-9B26-2CF03AF74D93}.Debug|Any CPU.ActiveCfg = Debug|Any CPU
		{6158BBAD-E200-4190-9B26-2CF03AF74D93}.Debug|Any CPU.Build.0 = Debug|Any CPU
		{6158BBAD-E200-4190-9B26-2CF03AF74D93}.Release|Any CPU.ActiveCfg = Release|Any CPU
		{6158BBAD-E200-4190-9B26-2CF03AF74D93}.Release|Any CPU.Build.0 = Release|Any CPU
		{50F3C808-CA80-4206-83DD-D0EF4FD556ED}.Debug|Any CPU.ActiveCfg = Debug|Any CPU
		{50F3C808-CA80-4206-83DD-D0EF4FD556ED}.Debug|Any CPU.Build.0 = Debug|Any CPU
		{50F3C808-CA80-4206-83DD-D0EF4FD556ED}.Release|Any CPU.ActiveCfg = Release|Any CPU
		{50F3C808-CA80-4206-83DD-D0EF4FD556ED}.Release|Any CPU.Build.0 = Release|Any CPU
	EndGlobalSection
	GlobalSection(SolutionProperties) = preSolution
		HideSolutionNode = FALSE
	EndGlobalSection
	GlobalSection(ExtensibilityGlobals) = postSolution
		SolutionGuid = {5EAAF129-B98D-4D75-A8A1-95CC4265B3A3}
	EndGlobalSection
EndGlobal
