
Microsoft Visual Studio Solution File, Format Version 12.00
# Visual Studio Version 17
VisualStudioVersion = 17.14.36603.0 d17.14
MinimumVisualStudioVersion = 10.0.40219.1
Project("{FAE04EC0-301F-11D3-BF4B-00C04F79EFBC}") = "kekturaForm", "kekturaForm\kekturaForm.csproj", "{3573246E-E763-4BB7-914C-1EA66E0524BD}"
EndProject
Project("{FAE04EC0-301F-11D3-BF4B-00C04F79EFBC}") = "ClassLibraryKektura", "ClassLibraryKektura\ClassLibraryKektura.csproj", "{D8FCA07A-86DE-4EE4-BD58-936CCFCC3AAE}"
EndProject
Global
	GlobalSection(SolutionConfigurationPlatforms) = preSolution
		Debug|Any CPU = Debug|Any CPU
		Release|Any CPU = Release|Any CPU
	EndGlobalSection
	GlobalSection(ProjectConfigurationPlatforms) = postSolution
		{3573246E-E763-4BB7-914C-1EA66E0524BD}.Debug|Any CPU.ActiveCfg = Debug|Any CPU
		{3573246E-E763-4BB7-914C-1EA66E0524BD}.Debug|Any CPU.Build.0 = Debug|Any CPU
		{3573246E-E763-4BB7-914C-1EA66E0524BD}.Release|Any CPU.ActiveCfg = Release|Any CPU
		{3573246E-E763-4BB7-914C-1EA66E0524BD}.Release|Any CPU.Build.0 = Release|Any CPU
		{D8FCA07A-86DE-4EE4-BD58-936CCFCC3AAE}.Debug|Any CPU.ActiveCfg = Debug|Any CPU
		{D8FCA07A-86DE-4EE4-BD58-936CCFCC3AAE}.Debug|Any CPU.Build.0 = Debug|Any CPU
		{D8FCA07A-86DE-4EE4-BD58-936CCFCC3AAE}.Release|Any CPU.ActiveCfg = Release|Any CPU
		{D8FCA07A-86DE-4EE4-BD58-936CCFCC3AAE}.Release|Any CPU.Build.0 = Release|Any CPU
	EndGlobalSection
	GlobalSection(SolutionProperties) = preSolution
		HideSolutionNode = FALSE
	EndGlobalSection
	GlobalSection(ExtensibilityGlobals) = postSolution
		SolutionGuid = {BCFC1D9E-CD64-47E8-A74D-3FADB365AD83}
	EndGlobalSection
EndGlobal
